// !$*UTF8*$!
{
	archiveVersion = 1;
	classes = {
	};
	objectVersion = 50;
	objects = {

/* Begin PBXBuildFile section */
		8851376D23620CAD00FF94ED /* AppDelegate.swift in Sources */ = {isa = PBXBuildFile; fileRef = 8851376C23620CAD00FF94ED /* AppDelegate.swift */; };
		8851376F23620CAD00FF94ED /* SceneDelegate.swift in Sources */ = {isa = PBXBuildFile; fileRef = 8851376E23620CAD00FF94ED /* SceneDelegate.swift */; };
		8851377123620CAD00FF94ED /* ViewController.swift in Sources */ = {isa = PBXBuildFile; fileRef = 8851377023620CAD00FF94ED /* ViewController.swift */; };
		8851377423620CAD00FF94ED /* Main.storyboard in Resources */ = {isa = PBXBuildFile; fileRef = 8851377223620CAD00FF94ED /* Main.storyboard */; };
		8851377723620CAD00FF94ED /* NepaliAnthems.xcdatamodeld in Sources */ = {isa = PBXBuildFile; fileRef = 8851377523620CAD00FF94ED /* NepaliAnthems.xcdatamodeld */; };
		8851377923620CB500FF94ED /* Assets.xcassets in Resources */ = {isa = PBXBuildFile; fileRef = 8851377823620CB500FF94ED /* Assets.xcassets */; };
		8851377C23620CB500FF94ED /* LaunchScreen.storyboard in Resources */ = {isa = PBXBuildFile; fileRef = 8851377A23620CB500FF94ED /* LaunchScreen.storyboard */; };
/* End PBXBuildFile section */

/* Begin PBXFileReference section */
		8851376923620CAD00FF94ED /* NepaliAnthems.app */ = {isa = PBXFileReference; explicitFileType = wrapper.application; includeInIndex = 0; path = NepaliAnthems.app; sourceTree = BUILT_PRODUCTS_DIR; };
		8851376C23620CAD00FF94ED /* AppDelegate.swift */ = {isa = PBXFileReference; lastKnownFileType = sourcecode.swift; path = AppDelegate.swift; sourceTree = "<group>"; };
		8851376E23620CAD00FF94ED /* SceneDelegate.swift */ = {isa = PBXFileReference; lastKnownFileType = sourcecode.swift; path = SceneDelegate.swift; sourceTree = "<group>"; };
		8851377023620CAD00FF94ED /* ViewController.swift */ = {isa = PBXFileReference; lastKnownFileType = sourcecode.swift; path = ViewController.swift; sourceTree = "<group>"; };
		8851377323620CAD00FF94ED /* Base */ = {isa = PBXFileReference; lastKnownFileType = file.storyboard; name = Base; path = Base.lproj/Main.storyboard; sourceTree = "<group>"; };
		8851377623620CAD00FF94ED /* NepaliAnthems.xcdatamodel */ = {isa = PBXFileReference; lastKnownFileType = wrapper.xcdatamodel; path = NepaliAnthems.xcdatamodel; sourceTree = "<group>"; };
		8851377823620CB500FF94ED /* Assets.xcassets */ = {isa = PBXFileReference; lastKnownFileType = folder.assetcatalog; path = Assets.xcassets; sourceTree = "<group>"; };
		8851377B23620CB500FF94ED /* Base */ = {isa = PBXFileReference; lastKnownFileType = file.storyboard; name = Base; path = Base.lproj/LaunchScreen.storyboard; sourceTree = "<group>"; };
		8851377D23620CB500FF94ED /* Info.plist */ = {isa = PBXFileReference; lastKnownFileType = text.plist.xml; path = Info.plist; sourceTree = "<group>"; };
/* End PBXFileReference section */

/* Begin PBXFrameworksBuildPhase section */
		8851376623620CAD00FF94ED /* Frameworks */ = {
			isa = PBXFrameworksBuildPhase;
			buildActionMask = 2147483647;
			files = (
			);
			runOnlyForDeploymentPostprocessing = 0;
		};
/* End PBXFrameworksBuildPhase section */

/* Begin PBXGroup section */
		8851376023620CAD00FF94ED = {
			isa = PBXGroup;
			children = (
				8851376B23620CAD00FF94ED /* NepaliAnthems */,
				8851376A23620CAD00FF94ED /* Products */,
			);
			sourceTree = "<group>";
		};
		8851376A23620CAD00FF94ED /* Products */ = {
			isa = PBXGroup;
			children = (
				8851376923620CAD00FF94ED /* NepaliAnthems.app */,
			);
			name = Products;
			sourceTree = "<group>";
		};
		8851376B23620CAD00FF94ED /* NepaliAnthems */ = {
			isa = PBXGroup;
			children = (
				8851376C23620CAD00FF94ED /* AppDelegate.swift */,
				8851376E23620CAD00FF94ED /* SceneDelegate.swift */,
				8851377023620CAD00FF94ED /* ViewController.swift */,
				8851377223620CAD00FF94ED /* Main.storyboard */,
				8851377823620CB500FF94ED /* Assets.xcassets */,
				8851377A23620CB500FF94ED /* LaunchScreen.storyboard */,
				8851377D23620CB500FF94ED /* Info.plist */,
				8851377523620CAD00FF94ED /* NepaliAnthems.xcdatamodeld */,
			);
			path = NepaliAnthems;
			sourceTree = "<group>";
		};
/* End PBXGroup section */

/* Begin PBXNativeTarget section */
		8851376823620CAD00FF94ED /* NepaliAnthems */ = {
			isa = PBXNativeTarget;
			buildConfigurationList = 8851378023620CB500FF94ED /* Build configuration list for PBXNativeTarget "NepaliAnthems" */;
			buildPhases = (
				8851376523620CAD00FF94ED /* Sources */,
				8851376623620CAD00FF94ED /* Frameworks */,
				8851376723620CAD00FF94ED /* Resources */,
			);
			buildRules = (
			);
			dependencies = (
			);
			name = NepaliAnthems;
			productName = NepaliAnthems;
			productReference = 8851376923620CAD00FF94ED /* NepaliAnthems.app */;
			productType = "com.apple.product-type.application";
		};
/* End PBXNativeTarget section */

/* Begin PBXProject section */
		8851376123620CAD00FF94ED /* Project object */ = {
			isa = PBXProject;
			attributes = {
				LastSwiftUpdateCheck = 1100;
				LastUpgradeCheck = 1100;
				ORGANIZATIONNAME = IMCS;
				TargetAttributes = {
					8851376823620CAD00FF94ED = {
						CreatedOnToolsVersion = 11.0;
					};
				};
			};
			buildConfigurationList = 8851376423620CAD00FF94ED /* Build configuration list for PBXProject "NepaliAnthems" */;
			compatibilityVersion = "Xcode 9.3";
			developmentRegion = en;
			hasScannedForEncodings = 0;
			knownRegions = (
				en,
				Base,
			);
			mainGroup = 8851376023620CAD00FF94ED;
			productRefGroup = 8851376A23620CAD00FF94ED /* Products */;
			projectDirPath = "";
			projectRoot = "";
			targets = (
				8851376823620CAD00FF94ED /* NepaliAnthems */,
			);
		};
/* End PBXProject section */

/* Begin PBXResourcesBuildPhase section */
		8851376723620CAD00FF94ED /* Resources */ = {
			isa = PBXResourcesBuildPhase;
			buildActionMask = 2147483647;
			files = (
				8851377C23620CB500FF94ED /* LaunchScreen.storyboard in Resources */,
				8851377923620CB500FF94ED /* Assets.xcassets in Resources */,
				8851377423620CAD00FF94ED /* Main.storyboard in Resources */,
			);
			runOnlyForDeploymentPostprocessing = 0;
		};
/* End PBXResourcesBuildPhase section */

/* Begin PBXSourcesBuildPhase section */
		8851376523620CAD00FF94ED /* Sources */ = {
			isa = PBXSourcesBuildPhase;
			buildActionMask = 2147483647;
			files = (
				8851377123620CAD00FF94ED /* ViewController.swift in Sources */,
				8851376D23620CAD00FF94ED /* AppDelegate.swift in Sources */,
				8851376F23620CAD00FF94ED /* SceneDelegate.swift in Sources */,
				8851377723620CAD00FF94ED /* NepaliAnthems.xcdatamodeld in Sources */,
			);
			runOnlyForDeploymentPostprocessing = 0;
		};
/* End PBXSourcesBuildPhase section */

/* Begin PBXVariantGroup section */
		8851377223620CAD00FF94ED /* Main.storyboard */ = {
			isa = PBXVariantGroup;
			children = (
				8851377323620CAD00FF94ED /* Base */,
			);
			name = Main.storyboard;
			sourceTree = "<group>";
		};
		8851377A23620CB500FF94ED /* LaunchScreen.storyboard */ = {
			isa = PBXVariantGroup;
			children = (
				8851377B23620CB500FF94ED /* Base */,
			);
			name = LaunchScreen.storyboard;
			sourceTree = "<group>";
		};
/* End PBXVariantGroup section */

/* Begin XCBuildConfiguration section */
		8851377E23620CB500FF94ED /* Debug */ = {
			isa = XCBuildConfiguration;
			buildSettings = {
				ALWAYS_SEARCH_USER_PATHS = NO;
				CLANG_ANALYZER_NONNULL = YES;
				CLANG_ANALYZER_NUMBER_OBJECT_CONVERSION = YES_AGGRESSIVE;
				CLANG_CXX_LANGUAGE_STANDARD = "gnu++14";
				CLANG_CXX_LIBRARY = "libc++";
				CLANG_ENABLE_MODULES = YES;
				CLANG_ENABLE_OBJC_ARC = YES;
				CLANG_ENABLE_OBJC_WEAK = YES;
				CLANG_WARN_BLOCK_CAPTURE_AUTORELEASING = YES;
				CLANG_WARN_BOOL_CONVERSION = YES;
				CLANG_WARN_COMMA = YES;
				CLANG_WARN_CONSTANT_CONVERSION = YES;
				CLANG_WARN_DEPRECATED_OBJC_IMPLEMENTATIONS = YES;
				CLANG_WARN_DIRECT_OBJC_ISA_USAGE = YES_ERROR;
				CLANG_WARN_DOCUMENTATION_COMMENTS = YES;
				CLANG_WARN_EMPTY_BODY = YES;
				CLANG_WARN_ENUM_CONVERSION = YES;
				CLANG_WARN_INFINITE_RECURSION = YES;
				CLANG_WARN_INT_CONVERSION = YES;
				CLANG_WARN_NON_LITERAL_NULL_CONVERSION = YES;
				CLANG_WARN_OBJC_IMPLICIT_RETAIN_SELF = YES;
				CLANG_WARN_OBJC_LITERAL_CONVERSION = YES;
				CLANG_WARN_OBJC_ROOT_CLASS = YES_ERROR;
				CLANG_WARN_RANGE_LOOP_ANALYSIS = YES;
				CLANG_WARN_STRICT_PROTOTYPES = YES;
				CLANG_WARN_SUSPICIOUS_MOVE = YES;
				CLANG_WARN_UNGUARDED_AVAILABILITY = YES_AGGRESSIVE;
				CLANG_WARN_UNREACHABLE_CODE = YES;
				CLANG_WARN__DUPLICATE_METHOD_MATCH = YES;
				COPY_PHASE_STRIP = NO;
				DEBUG_INFORMATION_FORMAT = dwarf;
				ENABLE_STRICT_OBJC_MSGSEND = YES;
				ENABLE_TESTABILITY = YES;
				GCC_C_LANGUAGE_STANDARD = gnu11;
				GCC_DYNAMIC_NO_PIC = NO;
				GCC_NO_COMMON_BLOCKS = YES;
				GCC_OPTIMIZATION_LEVEL = 0;
				GCC_PREPROCESSOR_DEFINITIONS = (
					"DEBUG=1",
					"$(inherited)",
				);
				GCC_WARN_64_TO_32_BIT_CONVERSION = YES;
				GCC_WARN_ABOUT_RETURN_TYPE = YES_ERROR;
				GCC_WARN_UNDECLARED_SELECTOR = YES;
				GCC_WARN_UNINITIALIZED_AUTOS = YES_AGGRESSIVE;
				GCC_WARN_UNUSED_FUNCTION = YES;
				GCC_WARN_UNUSED_VARIABLE = YES;
				IPHONEOS_DEPLOYMENT_TARGET = 13.0;
				MTL_ENABLE_DEBUG_INFO = INCLUDE_SOURCE;
				MTL_FAST_MATH = YES;
				ONLY_ACTIVE_ARCH = YES;
				SDKROOT = iphoneos;
				SWIFT_ACTIVE_COMPILATION_CONDITIONS = DEBUG;
				SWIFT_OPTIMIZATION_LEVEL = "-Onone";
			};
			name = Debug;
		};
		8851377F23620CB500FF94ED /* Release */ = {
			isa = XCBuildConfiguration;
			buildSettings = {
				ALWAYS_SEARCH_USER_PATHS = NO;
				CLANG_ANALYZER_NONNULL = YES;
				CLANG_ANALYZER_NUMBER_OBJECT_CONVERSION = YES_AGGRESSIVE;
				CLANG_CXX_LANGUAGE_STANDARD = "gnu++14";
				CLANG_CXX_LIBRARY = "libc++";
				CLANG_ENABLE_MODULES = YES;
				CLANG_ENABLE_OBJC_ARC = YES;
				CLANG_ENABLE_OBJC_WEAK = YES;
				CLANG_WARN_BLOCK_CAPTURE_AUTORELEASING = YES;
				CLANG_WARN_BOOL_CONVERSION = YES;
				CLANG_WARN_COMMA = YES;
				CLANG_WARN_CONSTANT_CONVERSION = YES;
				CLANG_WARN_DEPRECATED_OBJC_IMPLEMENTATIONS = YES;
				CLANG_WARN_DIRECT_OBJC_ISA_USAGE = YES_ERROR;
				CLANG_WARN_DOCUMENTATION_COMMENTS = YES;
				CLANG_WARN_EMPTY_BODY = YES;
				CLANG_WARN_ENUM_CONVERSION = YES;
				CLANG_WARN_INFINITE_RECURSION = YES;
				CLANG_WARN_INT_CONVERSION = YES;
				CLANG_WARN_NON_LITERAL_NULL_CONVERSION = YES;
				CLANG_WARN_OBJC_IMPLICIT_RETAIN_SELF = YES;
				CLANG_WARN_OBJC_LITERAL_CONVERSION = YES;
				CLANG_WARN_OBJC_ROOT_CLASS = YES_ERROR;
				CLANG_WARN_RANGE_LOOP_ANALYSIS = YES;
				CLANG_WARN_STRICT_PROTOTYPES = YES;
				CLANG_WARN_SUSPICIOUS_MOVE = YES;
				CLANG_WARN_UNGUARDED_AVAILABILITY = YES_AGGRESSIVE;
				CLANG_WARN_UNREACHABLE_CODE = YES;
				CLANG_WARN__DUPLICATE_METHOD_MATCH = YES;
				COPY_PHASE_STRIP = NO;
				DEBUG_INFORMATION_FORMAT = "dwarf-with-dsym";
				ENABLE_NS_ASSERTIONS = NO;
				ENABLE_STRICT_OBJC_MSGSEND = YES;
				GCC_C_LANGUAGE_STANDARD = gnu11;
				GCC_NO_COMMON_BLOCKS = YES;
				GCC_WARN_64_TO_32_BIT_CONVERSION = YES;
				GCC_WARN_ABOUT_RETURN_TYPE = YES_ERROR;
				GCC_WARN_UNDECLARED_SELECTOR = YES;
				GCC_WARN_UNINITIALIZED_AUTOS = YES_AGGRESSIVE;
				GCC_WARN_UNUSED_FUNCTION = YES;
				GCC_WARN_UNUSED_VARIABLE = YES;
				IPHONEOS_DEPLOYMENT_TARGET = 13.0;
				MTL_ENABLE_DEBUG_INFO = NO;
				MTL_FAST_MATH = YES;
				SDKROOT = iphoneos;
				SWIFT_COMPILATION_MODE = wholemodule;
				SWIFT_OPTIMIZATION_LEVEL = "-O";
				VALIDATE_PRODUCT = YES;
			};
			name = Release;
		};
		8851378123620CB500FF94ED /* Debug */ = {
			isa = XCBuildConfiguration;
			buildSettings = {
				ASSETCATALOG_COMPILER_APPICON_NAME = AppIcon;
				CODE_SIGN_STYLE = Automatic;
				INFOPLIST_FILE = NepaliAnthems/Info.plist;
				LD_RUNPATH_SEARCH_PATHS = (
					"$(inherited)",
					"@executable_path/Frameworks",
				);
				PRODUCT_BUNDLE_IDENTIFIER = IMCS.NepaliAnthems;
				PRODUCT_NAME = "$(TARGET_NAME)";
				SWIFT_VERSION = 5.0;
				TARGETED_DEVICE_FAMILY = "1,2";
			};
			name = Debug;
		};
		8851378223620CB500FF94ED /* Release */ = {
			isa = XCBuildConfiguration;
			buildSettings = {
				ASSETCATALOG_COMPILER_APPICON_NAME = AppIcon;
				CODE_SIGN_STYLE = Automatic;
				INFOPLIST_FILE = NepaliAnthems/Info.plist;
				LD_RUNPATH_SEARCH_PATHS = (
					"$(inherited)",
					"@executable_path/Frameworks",
				);
				PRODUCT_BUNDLE_IDENTIFIER = IMCS.NepaliAnthems;
				PRODUCT_NAME = "$(TARGET_NAME)";
				SWIFT_VERSION = 5.0;
				TARGETED_DEVICE_FAMILY = "1,2";
			};
			name = Release;
		};
/* End XCBuildConfiguration section */

/* Begin XCConfigurationList section */
		8851376423620CAD00FF94ED /* Build configuration list for PBXProject "NepaliAnthems" */ = {
			isa = XCConfigurationList;
			buildConfigurations = (
				8851377E23620CB500FF94ED /* Debug */,
				8851377F23620CB500FF94ED /* Release */,
			);
			defaultConfigurationIsVisible = 0;
			defaultConfigurationName = Release;
		};
		8851378023620CB500FF94ED /* Build configuration list for PBXNativeTarget "NepaliAnthems" */ = {
			isa = XCConfigurationList;
			buildConfigurations = (
				8851378123620CB500FF94ED /* Debug */,
				8851378223620CB500FF94ED /* Release */,
			);
			defaultConfigurationIsVisible = 0;
			defaultConfigurationName = Release;
		};
/* End XCConfigurationList section */

/* Begin XCVersionGroup section */
		8851377523620CAD00FF94ED /* NepaliAnthems.xcdatamodeld */ = {
			isa = XCVersionGroup;
			children = (
				8851377623620CAD00FF94ED /* NepaliAnthems.xcdatamodel */,
			);
			currentVersion = 8851377623620CAD00FF94ED /* NepaliAnthems.xcdatamodel */;
			path = NepaliAnthems.xcdatamodeld;
			sourceTree = "<group>";
			versionGroupType = wrapper.xcdatamodel;
		};
/* End XCVersionGroup section */
	};
	rootObject = 8851376123620CAD00FF94ED /* Project object */;
}
