// !$*UTF8*$!
{
	archiveVersion = 1;
	classes = {
	};
	objectVersion = 54;
	objects = {

/* Begin PBXBuildFile section */
		6812DF85B2FB653F3062D268 /* Pods_NepaliAnthems.framework in Frameworks */ = {isa = PBXBuildFile; fileRef = B284C8B727F311AC4BD2F58A /* Pods_NepaliAnthems.framework */; };
		8851376D23620CAD00FF94ED /* AppDelegate.swift in Sources */ = {isa = PBXBuildFile; fileRef = 8851376C23620CAD00FF94ED /* AppDelegate.swift */; };
		8851376F23620CAD00FF94ED /* SceneDelegate.swift in Sources */ = {isa = PBXBuildFile; fileRef = 8851376E23620CAD00FF94ED /* SceneDelegate.swift */; };
		8851377123620CAD00FF94ED /* ViewController.swift in Sources */ = {isa = PBXBuildFile; fileRef = 8851377023620CAD00FF94ED /* ViewController.swift */; };
		8851377423620CAD00FF94ED /* Main.storyboard in Resources */ = {isa = PBXBuildFile; fileRef = 8851377223620CAD00FF94ED /* Main.storyboard */; };
		8851377723620CAD00FF94ED /* NepaliAnthems.xcdatamodeld in Sources */ = {isa = PBXBuildFile; fileRef = 8851377523620CAD00FF94ED /* NepaliAnthems.xcdatamodeld */; };
		8851377C23620CB500FF94ED /* LaunchScreen.storyboard in Resources */ = {isa = PBXBuildFile; fileRef = 8851377A23620CB500FF94ED /* LaunchScreen.storyboard */; };
		8851378423620F8100FF94ED /* flag-of-nepal.jpg in Resources */ = {isa = PBXBuildFile; fileRef = 8851378323620F8100FF94ED /* flag-of-nepal.jpg */; };
		8851378723629A4100FF94ED /* Shreeman Ghambhira Nepali.mp3 in Resources */ = {isa = PBXBuildFile; fileRef = 8851378523629A4100FF94ED /* Shreeman Ghambhira Nepali.mp3 */; };
		8851378823629A4100FF94ED /* Sayaun Thunga Ful Ka Hami.mp3 in Resources */ = {isa = PBXBuildFile; fileRef = 8851378623629A4100FF94ED /* Sayaun Thunga Ful Ka Hami.mp3 */; };
		8851378A23629B2E00FF94ED /* SongsTableViewController.swift in Sources */ = {isa = PBXBuildFile; fileRef = 8851378923629B2E00FF94ED /* SongsTableViewController.swift */; };
		8851378C2362A81F00FF94ED /* PlayViewController.swift in Sources */ = {isa = PBXBuildFile; fileRef = 8851378B2362A81F00FF94ED /* PlayViewController.swift */; };
		888E6D4E236C9AAC005F8F43 /* flag.jpeg in Resources */ = {isa = PBXBuildFile; fileRef = 888E6D4D236C9AAC005F8F43 /* flag.jpeg */; };
		88EE08E32364E146000E44B6 /* play.png in Resources */ = {isa = PBXBuildFile; fileRef = 88EE08E12364E146000E44B6 /* play.png */; };
		88EE08E42364E146000E44B6 /* pause.png in Resources */ = {isa = PBXBuildFile; fileRef = 88EE08E22364E146000E44B6 /* pause.png */; };
		88EE08E6236787DC000E44B6 /* Assets.xcassets in Resources */ = {isa = PBXBuildFile; fileRef = 88EE08E5236787DC000E44B6 /* Assets.xcassets */; };
		88EE08E823690FF4000E44B6 /* Gaunchha Geet Nepali.mp3 in Resources */ = {isa = PBXBuildFile; fileRef = 88EE08E723690FF4000E44B6 /* Gaunchha Geet Nepali.mp3 */; };
		88EE08EA23691138000E44B6 /* Jhukdai Na Jhukne Nepal Ko Choro.mp3 in Resources */ = {isa = PBXBuildFile; fileRef = 88EE08E923691138000E44B6 /* Jhukdai Na Jhukne Nepal Ko Choro.mp3 */; };
		88EE08EC23691232000E44B6 /* Jaha Chan Buddha Ka Aankha.mp3 in Resources */ = {isa = PBXBuildFile; fileRef = 88EE08EB23691232000E44B6 /* Jaha Chan Buddha Ka Aankha.mp3 */; };
		88EE08EE2369131D000E44B6 /* Paschim Kohi Purba Ghar.mp3 in Resources */ = {isa = PBXBuildFile; fileRef = 88EE08ED2369131C000E44B6 /* Paschim Kohi Purba Ghar.mp3 */; };
		88EE08F0236913FF000E44B6 /* Yeha Deshko Cha Chinta.mp3 in Resources */ = {isa = PBXBuildFile; fileRef = 88EE08EF236913FE000E44B6 /* Yeha Deshko Cha Chinta.mp3 */; };
		88EE08F2236914D0000E44B6 /* Yo Maan Ta Mero Nepali Ho.mp3 in Resources */ = {isa = PBXBuildFile; fileRef = 88EE08F1236914D0000E44B6 /* Yo Maan Ta Mero Nepali Ho.mp3 */; };
		88EE08F423691599000E44B6 /* Saye Thari Baja Eutai Taal.mp3 in Resources */ = {isa = PBXBuildFile; fileRef = 88EE08F323691599000E44B6 /* Saye Thari Baja Eutai Taal.mp3 */; };
		88EE08F623691616000E44B6 /* Jaga Chamka Lamka He Naujawan Ho.mp3 in Resources */ = {isa = PBXBuildFile; fileRef = 88EE08F523691616000E44B6 /* Jaga Chamka Lamka He Naujawan Ho.mp3 */; };
		88EE08F823691680000E44B6 /* Bihana Uthne Bittikai Himal Herna Paios.mp3 in Resources */ = {isa = PBXBuildFile; fileRef = 88EE08F723691680000E44B6 /* Bihana Uthne Bittikai Himal Herna Paios.mp3 */; };
		88EE08FA236A2582000E44B6 /* Hatne Hoina Dati Ladne Nepali Ko Bani Huncha.mp3 in Resources */ = {isa = PBXBuildFile; fileRef = 88EE08F9236A2582000E44B6 /* Hatne Hoina Dati Ladne Nepali Ko Bani Huncha.mp3 */; };
		88EE08FC236A2678000E44B6 /* Pahad Ma Jado Bade Tarai Le Seknu Parcha.mp3 in Resources */ = {isa = PBXBuildFile; fileRef = 88EE08FB236A2678000E44B6 /* Pahad Ma Jado Bade Tarai Le Seknu Parcha.mp3 */; };
		88EE08FE236A2A09000E44B6 /* Danfe.jpg in Resources */ = {isa = PBXBuildFile; fileRef = 88EE08FD236A2A08000E44B6 /* Danfe.jpg */; };
		88EE0900236A2B2C000E44B6 /* Map.png in Resources */ = {isa = PBXBuildFile; fileRef = 88EE08FF236A2B2C000E44B6 /* Map.png */; };
/* End PBXBuildFile section */

/* Begin PBXFileReference section */
		035D5BC380AE6BBAA307F1B0 /* Pods-NepaliAnthems.release.xcconfig */ = {isa = PBXFileReference; includeInIndex = 1; lastKnownFileType = text.xcconfig; name = "Pods-NepaliAnthems.release.xcconfig"; path = "Target Support Files/Pods-NepaliAnthems/Pods-NepaliAnthems.release.xcconfig"; sourceTree = "<group>"; };
		421D6B44A77C9FEAFBADFA5E /* Pods-NepaliAnthems.debug.xcconfig */ = {isa = PBXFileReference; includeInIndex = 1; lastKnownFileType = text.xcconfig; name = "Pods-NepaliAnthems.debug.xcconfig"; path = "Target Support Files/Pods-NepaliAnthems/Pods-NepaliAnthems.debug.xcconfig"; sourceTree = "<group>"; };
		8851376923620CAD00FF94ED /* NepaliAnthems.app */ = {isa = PBXFileReference; explicitFileType = wrapper.application; includeInIndex = 0; path = NepaliAnthems.app; sourceTree = BUILT_PRODUCTS_DIR; };
		8851376C23620CAD00FF94ED /* AppDelegate.swift */ = {isa = PBXFileReference; lastKnownFileType = sourcecode.swift; path = AppDelegate.swift; sourceTree = "<group>"; };
		8851376E23620CAD00FF94ED /* SceneDelegate.swift */ = {isa = PBXFileReference; lastKnownFileType = sourcecode.swift; path = SceneDelegate.swift; sourceTree = "<group>"; };
		8851377023620CAD00FF94ED /* ViewController.swift */ = {isa = PBXFileReference; lastKnownFileType = sourcecode.swift; path = ViewController.swift; sourceTree = "<group>"; };
		8851377323620CAD00FF94ED /* Base */ = {isa = PBXFileReference; lastKnownFileType = file.storyboard; name = Base; path = Base.lproj/Main.storyboard; sourceTree = "<group>"; };
		8851377623620CAD00FF94ED /* NepaliAnthems.xcdatamodel */ = {isa = PBXFileReference; lastKnownFileType = wrapper.xcdatamodel; path = NepaliAnthems.xcdatamodel; sourceTree = "<group>"; };
		8851377B23620CB500FF94ED /* Base */ = {isa = PBXFileReference; lastKnownFileType = file.storyboard; name = Base; path = Base.lproj/LaunchScreen.storyboard; sourceTree = "<group>"; };
		8851377D23620CB500FF94ED /* Info.plist */ = {isa = PBXFileReference; lastKnownFileType = text.plist.xml; path = Info.plist; sourceTree = "<group>"; };
		8851378323620F8100FF94ED /* flag-of-nepal.jpg */ = {isa = PBXFileReference; lastKnownFileType = image.jpeg; path = "flag-of-nepal.jpg"; sourceTree = "<group>"; };
		8851378523629A4100FF94ED /* Shreeman Ghambhira Nepali.mp3 */ = {isa = PBXFileReference; lastKnownFileType = audio.mp3; path = "Shreeman Ghambhira Nepali.mp3"; sourceTree = "<group>"; };
		8851378623629A4100FF94ED /* Sayaun Thunga Ful Ka Hami.mp3 */ = {isa = PBXFileReference; lastKnownFileType = audio.mp3; path = "Sayaun Thunga Ful Ka Hami.mp3"; sourceTree = "<group>"; };
		8851378923629B2E00FF94ED /* SongsTableViewController.swift */ = {isa = PBXFileReference; lastKnownFileType = sourcecode.swift; path = SongsTableViewController.swift; sourceTree = "<group>"; };
		8851378B2362A81F00FF94ED /* PlayViewController.swift */ = {isa = PBXFileReference; lastKnownFileType = sourcecode.swift; path = PlayViewController.swift; sourceTree = "<group>"; };
		888E6D4D236C9AAC005F8F43 /* flag.jpeg */ = {isa = PBXFileReference; lastKnownFileType = image.jpeg; path = flag.jpeg; sourceTree = "<group>"; };
		88EE08E12364E146000E44B6 /* play.png */ = {isa = PBXFileReference; lastKnownFileType = image.png; path = play.png; sourceTree = "<group>"; };
		88EE08E22364E146000E44B6 /* pause.png */ = {isa = PBXFileReference; lastKnownFileType = image.png; path = pause.png; sourceTree = "<group>"; };
		88EE08E5236787DC000E44B6 /* Assets.xcassets */ = {isa = PBXFileReference; lastKnownFileType = folder.assetcatalog; path = Assets.xcassets; sourceTree = "<group>"; };
		88EE08E723690FF4000E44B6 /* Gaunchha Geet Nepali.mp3 */ = {isa = PBXFileReference; lastKnownFileType = audio.mp3; path = "Gaunchha Geet Nepali.mp3"; sourceTree = "<group>"; };
		88EE08E923691138000E44B6 /* Jhukdai Na Jhukne Nepal Ko Choro.mp3 */ = {isa = PBXFileReference; lastKnownFileType = audio.mp3; path = "Jhukdai Na Jhukne Nepal Ko Choro.mp3"; sourceTree = "<group>"; };
		88EE08EB23691232000E44B6 /* Jaha Chan Buddha Ka Aankha.mp3 */ = {isa = PBXFileReference; lastKnownFileType = audio.mp3; path = "Jaha Chan Buddha Ka Aankha.mp3"; sourceTree = "<group>"; };
		88EE08ED2369131C000E44B6 /* Paschim Kohi Purba Ghar.mp3 */ = {isa = PBXFileReference; lastKnownFileType = audio.mp3; path = "Paschim Kohi Purba Ghar.mp3"; sourceTree = "<group>"; };
		88EE08EF236913FE000E44B6 /* Yeha Deshko Cha Chinta.mp3 */ = {isa = PBXFileReference; lastKnownFileType = audio.mp3; path = "Yeha Deshko Cha Chinta.mp3"; sourceTree = "<group>"; };
		88EE08F1236914D0000E44B6 /* Yo Maan Ta Mero Nepali Ho.mp3 */ = {isa = PBXFileReference; lastKnownFileType = audio.mp3; path = "Yo Maan Ta Mero Nepali Ho.mp3"; sourceTree = "<group>"; };
		88EE08F323691599000E44B6 /* Saye Thari Baja Eutai Taal.mp3 */ = {isa = PBXFileReference; lastKnownFileType = audio.mp3; path = "Saye Thari Baja Eutai Taal.mp3"; sourceTree = "<group>"; };
		88EE08F523691616000E44B6 /* Jaga Chamka Lamka He Naujawan Ho.mp3 */ = {isa = PBXFileReference; lastKnownFileType = audio.mp3; path = "Jaga Chamka Lamka He Naujawan Ho.mp3"; sourceTree = "<group>"; };
		88EE08F723691680000E44B6 /* Bihana Uthne Bittikai Himal Herna Paios.mp3 */ = {isa = PBXFileReference; lastKnownFileType = audio.mp3; path = "Bihana Uthne Bittikai Himal Herna Paios.mp3"; sourceTree = "<group>"; };
		88EE08F9236A2582000E44B6 /* Hatne Hoina Dati Ladne Nepali Ko Bani Huncha.mp3 */ = {isa = PBXFileReference; lastKnownFileType = audio.mp3; path = "Hatne Hoina Dati Ladne Nepali Ko Bani Huncha.mp3"; sourceTree = "<group>"; };
		88EE08FB236A2678000E44B6 /* Pahad Ma Jado Bade Tarai Le Seknu Parcha.mp3 */ = {isa = PBXFileReference; lastKnownFileType = audio.mp3; path = "Pahad Ma Jado Bade Tarai Le Seknu Parcha.mp3"; sourceTree = "<group>"; };
		88EE08FD236A2A08000E44B6 /* Danfe.jpg */ = {isa = PBXFileReference; lastKnownFileType = image.jpeg; path = Danfe.jpg; sourceTree = "<group>"; };
		88EE08FF236A2B2C000E44B6 /* Map.png */ = {isa = PBXFileReference; lastKnownFileType = image.png; path = Map.png; sourceTree = "<group>"; };
		B284C8B727F311AC4BD2F58A /* Pods_NepaliAnthems.framework */ = {isa = PBXFileReference; explicitFileType = wrapper.framework; includeInIndex = 0; path = Pods_NepaliAnthems.framework; sourceTree = BUILT_PRODUCTS_DIR; };
/* End PBXFileReference section */

/* Begin PBXFrameworksBuildPhase section */
		8851376623620CAD00FF94ED /* Frameworks */ = {
			isa = PBXFrameworksBuildPhase;
			buildActionMask = 2147483647;
			files = (
				6812DF85B2FB653F3062D268 /* Pods_NepaliAnthems.framework in Frameworks */,
			);
			runOnlyForDeploymentPostprocessing = 0;
		};
/* End PBXFrameworksBuildPhase section */

/* Begin PBXGroup section */
		8851376023620CAD00FF94ED = {
			isa = PBXGroup;
			children = (
				8851376B23620CAD00FF94ED /* NepaliAnthems */,
				8851376A23620CAD00FF94ED /* Products */,
				E0D207E4D9FB60382D4353F4 /* Pods */,
				AC6CC5212D01EF483F0B540E /* Frameworks */,
			);
			sourceTree = "<group>";
		};
		8851376A23620CAD00FF94ED /* Products */ = {
			isa = PBXGroup;
			children = (
				8851376923620CAD00FF94ED /* NepaliAnthems.app */,
			);
			name = Products;
			sourceTree = "<group>";
		};
		8851376B23620CAD00FF94ED /* NepaliAnthems */ = {
			isa = PBXGroup;
			children = (
				8851376C23620CAD00FF94ED /* AppDelegate.swift */,
				8851376E23620CAD00FF94ED /* SceneDelegate.swift */,
				8851377023620CAD00FF94ED /* ViewController.swift */,
				8851378323620F8100FF94ED /* flag-of-nepal.jpg */,
				8851377223620CAD00FF94ED /* Main.storyboard */,
				88EE08EF236913FE000E44B6 /* Yeha Deshko Cha Chinta.mp3 */,
				8851378B2362A81F00FF94ED /* PlayViewController.swift */,
				88EE08E5236787DC000E44B6 /* Assets.xcassets */,
				88EE08E22364E146000E44B6 /* pause.png */,
				88EE08F723691680000E44B6 /* Bihana Uthne Bittikai Himal Herna Paios.mp3 */,
				88EE08F9236A2582000E44B6 /* Hatne Hoina Dati Ladne Nepali Ko Bani Huncha.mp3 */,
				888E6D4D236C9AAC005F8F43 /* flag.jpeg */,
				88EE08FF236A2B2C000E44B6 /* Map.png */,
				88EE08F523691616000E44B6 /* Jaga Chamka Lamka He Naujawan Ho.mp3 */,
				88EE08F323691599000E44B6 /* Saye Thari Baja Eutai Taal.mp3 */,
				88EE08F1236914D0000E44B6 /* Yo Maan Ta Mero Nepali Ho.mp3 */,
				88EE08FB236A2678000E44B6 /* Pahad Ma Jado Bade Tarai Le Seknu Parcha.mp3 */,
				88EE08ED2369131C000E44B6 /* Paschim Kohi Purba Ghar.mp3 */,
				88EE08EB23691232000E44B6 /* Jaha Chan Buddha Ka Aankha.mp3 */,
				88EE08E923691138000E44B6 /* Jhukdai Na Jhukne Nepal Ko Choro.mp3 */,
				88EE08E723690FF4000E44B6 /* Gaunchha Geet Nepali.mp3 */,
				88EE08E12364E146000E44B6 /* play.png */,
				8851378523629A4100FF94ED /* Shreeman Ghambhira Nepali.mp3 */,
				8851378623629A4100FF94ED /* Sayaun Thunga Ful Ka Hami.mp3 */,
				88EE08FD236A2A08000E44B6 /* Danfe.jpg */,
				8851377A23620CB500FF94ED /* LaunchScreen.storyboard */,
				8851377D23620CB500FF94ED /* Info.plist */,
				8851377523620CAD00FF94ED /* NepaliAnthems.xcdatamodeld */,
				8851378923629B2E00FF94ED /* SongsTableViewController.swift */,
			);
			path = NepaliAnthems;
			sourceTree = "<group>";
		};
		AC6CC5212D01EF483F0B540E /* Frameworks */ = {
			isa = PBXGroup;
			children = (
				B284C8B727F311AC4BD2F58A /* Pods_NepaliAnthems.framework */,
			);
			name = Frameworks;
			sourceTree = "<group>";
		};
		E0D207E4D9FB60382D4353F4 /* Pods */ = {
			isa = PBXGroup;
			children = (
				421D6B44A77C9FEAFBADFA5E /* Pods-NepaliAnthems.debug.xcconfig */,
				035D5BC380AE6BBAA307F1B0 /* Pods-NepaliAnthems.release.xcconfig */,
			);
			path = Pods;
			sourceTree = "<group>";
		};
/* End PBXGroup section */

/* Begin PBXNativeTarget section */
		8851376823620CAD00FF94ED /* NepaliAnthems */ = {
			isa = PBXNativeTarget;
			buildConfigurationList = 8851378023620CB500FF94ED /* Build configuration list for PBXNativeTarget "NepaliAnthems" */;
			buildPhases = (
				938FD2280B185B8DF651D196 /* [CP] Check Pods Manifest.lock */,
				8851376523620CAD00FF94ED /* Sources */,
				8851376623620CAD00FF94ED /* Frameworks */,
				8851376723620CAD00FF94ED /* Resources */,
				80EDA8CD33AA88C7ACE76930 /* [CP] Embed Pods Frameworks */,
			);
			buildRules = (
			);
			dependencies = (
			);
			name = NepaliAnthems;
			productName = NepaliAnthems;
			productReference = 8851376923620CAD00FF94ED /* NepaliAnthems.app */;
			productType = "com.apple.product-type.application";
		};
/* End PBXNativeTarget section */

/* Begin PBXProject section */
		8851376123620CAD00FF94ED /* Project object */ = {
			isa = PBXProject;
			attributes = {
				LastSwiftUpdateCheck = 1100;
				LastUpgradeCheck = 1100;
				ORGANIZATIONNAME = IMCS;
				TargetAttributes = {
					8851376823620CAD00FF94ED = {
						CreatedOnToolsVersion = 11.0;
					};
				};
			};
			buildConfigurationList = 8851376423620CAD00FF94ED /* Build configuration list for PBXProject "NepaliAnthems" */;
			compatibilityVersion = "Xcode 9.3";
			developmentRegion = en;
			hasScannedForEncodings = 0;
			knownRegions = (
				en,
				Base,
			);
			mainGroup = 8851376023620CAD00FF94ED;
			productRefGroup = 8851376A23620CAD00FF94ED /* Products */;
			projectDirPath = "";
			projectRoot = "";
			targets = (
				8851376823620CAD00FF94ED /* NepaliAnthems */,
			);
		};
/* End PBXProject section */

/* Begin PBXResourcesBuildPhase section */
		8851376723620CAD00FF94ED /* Resources */ = {
			isa = PBXResourcesBuildPhase;
			buildActionMask = 2147483647;
			files = (
				88EE0900236A2B2C000E44B6 /* Map.png in Resources */,
				88EE08E32364E146000E44B6 /* play.png in Resources */,
				88EE08F823691680000E44B6 /* Bihana Uthne Bittikai Himal Herna Paios.mp3 in Resources */,
				88EE08FE236A2A09000E44B6 /* Danfe.jpg in Resources */,
				88EE08F423691599000E44B6 /* Saye Thari Baja Eutai Taal.mp3 in Resources */,
				88EE08EE2369131D000E44B6 /* Paschim Kohi Purba Ghar.mp3 in Resources */,
				88EE08F0236913FF000E44B6 /* Yeha Deshko Cha Chinta.mp3 in Resources */,
				888E6D4E236C9AAC005F8F43 /* flag.jpeg in Resources */,
				88EE08EA23691138000E44B6 /* Jhukdai Na Jhukne Nepal Ko Choro.mp3 in Resources */,
				8851377C23620CB500FF94ED /* LaunchScreen.storyboard in Resources */,
				88EE08E42364E146000E44B6 /* pause.png in Resources */,
				8851378823629A4100FF94ED /* Sayaun Thunga Ful Ka Hami.mp3 in Resources */,
				8851378423620F8100FF94ED /* flag-of-nepal.jpg in Resources */,
				88EE08F623691616000E44B6 /* Jaga Chamka Lamka He Naujawan Ho.mp3 in Resources */,
				88EE08FC236A2678000E44B6 /* Pahad Ma Jado Bade Tarai Le Seknu Parcha.mp3 in Resources */,
				88EE08F2236914D0000E44B6 /* Yo Maan Ta Mero Nepali Ho.mp3 in Resources */,
				8851378723629A4100FF94ED /* Shreeman Ghambhira Nepali.mp3 in Resources */,
				88EE08FA236A2582000E44B6 /* Hatne Hoina Dati Ladne Nepali Ko Bani Huncha.mp3 in Resources */,
				88EE08E823690FF4000E44B6 /* Gaunchha Geet Nepali.mp3 in Resources */,
				88EE08E6236787DC000E44B6 /* Assets.xcassets in Resources */,
				88EE08EC23691232000E44B6 /* Jaha Chan Buddha Ka Aankha.mp3 in Resources */,
				8851377423620CAD00FF94ED /* Main.storyboard in Resources */,
			);
			runOnlyForDeploymentPostprocessing = 0;
		};
/* End PBXResourcesBuildPhase section */

/* Begin PBXShellScriptBuildPhase section */
		80EDA8CD33AA88C7ACE76930 /* [CP] Embed Pods Frameworks */ = {
			isa = PBXShellScriptBuildPhase;
			buildActionMask = 2147483647;
			files = (
			);
			inputFileListPaths = (
				"${PODS_ROOT}/Target Support Files/Pods-NepaliAnthems/Pods-NepaliAnthems-frameworks-${CONFIGURATION}-input-files.xcfilelist",
			);
			name = "[CP] Embed Pods Frameworks";
			outputFileListPaths = (
				"${PODS_ROOT}/Target Support Files/Pods-NepaliAnthems/Pods-NepaliAnthems-frameworks-${CONFIGURATION}-output-files.xcfilelist",
			);
			runOnlyForDeploymentPostprocessing = 0;
			shellPath = /bin/sh;
			shellScript = "\"${PODS_ROOT}/Target Support Files/Pods-NepaliAnthems/Pods-NepaliAnthems-frameworks.sh\"\n";
			showEnvVarsInLog = 0;
		};
		938FD2280B185B8DF651D196 /* [CP] Check Pods Manifest.lock */ = {
			isa = PBXShellScriptBuildPhase;
			buildActionMask = 2147483647;
			files = (
			);
			inputFileListPaths = (
			);
			inputPaths = (
				"${PODS_PODFILE_DIR_PATH}/Podfile.lock",
				"${PODS_ROOT}/Manifest.lock",
			);
			name = "[CP] Check Pods Manifest.lock";
			outputFileListPaths = (
			);
			outputPaths = (
				"$(DERIVED_FILE_DIR)/Pods-NepaliAnthems-checkManifestLockResult.txt",
			);
			runOnlyForDeploymentPostprocessing = 0;
			shellPath = /bin/sh;
			shellScript = "diff \"${PODS_PODFILE_DIR_PATH}/Podfile.lock\" \"${PODS_ROOT}/Manifest.lock\" > /dev/null\nif [ $? != 0 ] ; then\n    # print error to STDERR\n    echo \"error: The sandbox is not in sync with the Podfile.lock. Run 'pod install' or update your CocoaPods installation.\" >&2\n    exit 1\nfi\n# This output is used by Xcode 'outputs' to avoid re-running this script phase.\necho \"SUCCESS\" > \"${SCRIPT_OUTPUT_FILE_0}\"\n";
			showEnvVarsInLog = 0;
		};
/* End PBXShellScriptBuildPhase section */

/* Begin PBXSourcesBuildPhase section */
		8851376523620CAD00FF94ED /* Sources */ = {
			isa = PBXSourcesBuildPhase;
			buildActionMask = 2147483647;
			files = (
				8851377123620CAD00FF94ED /* ViewController.swift in Sources */,
				8851376D23620CAD00FF94ED /* AppDelegate.swift in Sources */,
				8851376F23620CAD00FF94ED /* SceneDelegate.swift in Sources */,
				8851378A23629B2E00FF94ED /* SongsTableViewController.swift in Sources */,
				8851378C2362A81F00FF94ED /* PlayViewController.swift in Sources */,
				8851377723620CAD00FF94ED /* NepaliAnthems.xcdatamodeld in Sources */,
			);
			runOnlyForDeploymentPostprocessing = 0;
		};
/* End PBXSourcesBuildPhase section */

/* Begin PBXVariantGroup section */
		8851377223620CAD00FF94ED /* Main.storyboard */ = {
			isa = PBXVariantGroup;
			children = (
				8851377323620CAD00FF94ED /* Base */,
			);
			name = Main.storyboard;
			sourceTree = "<group>";
		};
		8851377A23620CB500FF94ED /* LaunchScreen.storyboard */ = {
			isa = PBXVariantGroup;
			children = (
				8851377B23620CB500FF94ED /* Base */,
			);
			name = LaunchScreen.storyboard;
			sourceTree = "<group>";
		};
/* End PBXVariantGroup section */

/* Begin XCBuildConfiguration section */
		8851377E23620CB500FF94ED /* Debug */ = {
			isa = XCBuildConfiguration;
			buildSettings = {
				ALWAYS_SEARCH_USER_PATHS = NO;
				CLANG_ANALYZER_NONNULL = YES;
				CLANG_ANALYZER_NUMBER_OBJECT_CONVERSION = YES_AGGRESSIVE;
				CLANG_CXX_LANGUAGE_STANDARD = "gnu++14";
				CLANG_CXX_LIBRARY = "libc++";
				CLANG_ENABLE_MODULES = YES;
				CLANG_ENABLE_OBJC_ARC = YES;
				CLANG_ENABLE_OBJC_WEAK = YES;
				CLANG_WARN_BLOCK_CAPTURE_AUTORELEASING = YES;
				CLANG_WARN_BOOL_CONVERSION = YES;
				CLANG_WARN_COMMA = YES;
				CLANG_WARN_CONSTANT_CONVERSION = YES;
				CLANG_WARN_DEPRECATED_OBJC_IMPLEMENTATIONS = YES;
				CLANG_WARN_DIRECT_OBJC_ISA_USAGE = YES_ERROR;
				CLANG_WARN_DOCUMENTATION_COMMENTS = YES;
				CLANG_WARN_EMPTY_BODY = YES;
				CLANG_WARN_ENUM_CONVERSION = YES;
				CLANG_WARN_INFINITE_RECURSION = YES;
				CLANG_WARN_INT_CONVERSION = YES;
				CLANG_WARN_NON_LITERAL_NULL_CONVERSION = YES;
				CLANG_WARN_OBJC_IMPLICIT_RETAIN_SELF = YES;
				CLANG_WARN_OBJC_LITERAL_CONVERSION = YES;
				CLANG_WARN_OBJC_ROOT_CLASS = YES_ERROR;
				CLANG_WARN_RANGE_LOOP_ANALYSIS = YES;
				CLANG_WARN_STRICT_PROTOTYPES = YES;
				CLANG_WARN_SUSPICIOUS_MOVE = YES;
				CLANG_WARN_UNGUARDED_AVAILABILITY = YES_AGGRESSIVE;
				CLANG_WARN_UNREACHABLE_CODE = YES;
				CLANG_WARN__DUPLICATE_METHOD_MATCH = YES;
				COPY_PHASE_STRIP = NO;
				DEBUG_INFORMATION_FORMAT = dwarf;
				ENABLE_STRICT_OBJC_MSGSEND = YES;
				ENABLE_TESTABILITY = YES;
				GCC_C_LANGUAGE_STANDARD = gnu11;
				GCC_DYNAMIC_NO_PIC = NO;
				GCC_NO_COMMON_BLOCKS = YES;
				GCC_OPTIMIZATION_LEVEL = 0;
				GCC_PREPROCESSOR_DEFINITIONS = (
					"DEBUG=1",
					"$(inherited)",
				);
				GCC_WARN_64_TO_32_BIT_CONVERSION = YES;
				GCC_WARN_ABOUT_RETURN_TYPE = YES_ERROR;
				GCC_WARN_UNDECLARED_SELECTOR = YES;
				GCC_WARN_UNINITIALIZED_AUTOS = YES_AGGRESSIVE;
				GCC_WARN_UNUSED_FUNCTION = YES;
				GCC_WARN_UNUSED_VARIABLE = YES;
				IPHONEOS_DEPLOYMENT_TARGET = 13.0;
				MTL_ENABLE_DEBUG_INFO = INCLUDE_SOURCE;
				MTL_FAST_MATH = YES;
				ONLY_ACTIVE_ARCH = YES;
				SDKROOT = iphoneos;
				SWIFT_ACTIVE_COMPILATION_CONDITIONS = DEBUG;
				SWIFT_OPTIMIZATION_LEVEL = "-Onone";
			};
			name = Debug;
		};
		8851377F23620CB500FF94ED /* Release */ = {
			isa = XCBuildConfiguration;
			buildSettings = {
				ALWAYS_SEARCH_USER_PATHS = NO;
				CLANG_ANALYZER_NONNULL = YES;
				CLANG_ANALYZER_NUMBER_OBJECT_CONVERSION = YES_AGGRESSIVE;
				CLANG_CXX_LANGUAGE_STANDARD = "gnu++14";
				CLANG_CXX_LIBRARY = "libc++";
				CLANG_ENABLE_MODULES = YES;
				CLANG_ENABLE_OBJC_ARC = YES;
				CLANG_ENABLE_OBJC_WEAK = YES;
				CLANG_WARN_BLOCK_CAPTURE_AUTORELEASING = YES;
				CLANG_WARN_BOOL_CONVERSION = YES;
				CLANG_WARN_COMMA = YES;
				CLANG_WARN_CONSTANT_CONVERSION = YES;
				CLANG_WARN_DEPRECATED_OBJC_IMPLEMENTATIONS = YES;
				CLANG_WARN_DIRECT_OBJC_ISA_USAGE = YES_ERROR;
				CLANG_WARN_DOCUMENTATION_COMMENTS = YES;
				CLANG_WARN_EMPTY_BODY = YES;
				CLANG_WARN_ENUM_CONVERSION = YES;
				CLANG_WARN_INFINITE_RECURSION = YES;
				CLANG_WARN_INT_CONVERSION = YES;
				CLANG_WARN_NON_LITERAL_NULL_CONVERSION = YES;
				CLANG_WARN_OBJC_IMPLICIT_RETAIN_SELF = YES;
				CLANG_WARN_OBJC_LITERAL_CONVERSION = YES;
				CLANG_WARN_OBJC_ROOT_CLASS = YES_ERROR;
				CLANG_WARN_RANGE_LOOP_ANALYSIS = YES;
				CLANG_WARN_STRICT_PROTOTYPES = YES;
				CLANG_WARN_SUSPICIOUS_MOVE = YES;
				CLANG_WARN_UNGUARDED_AVAILABILITY = YES_AGGRESSIVE;
				CLANG_WARN_UNREACHABLE_CODE = YES;
				CLANG_WARN__DUPLICATE_METHOD_MATCH = YES;
				COPY_PHASE_STRIP = NO;
				DEBUG_INFORMATION_FORMAT = "dwarf-with-dsym";
				ENABLE_NS_ASSERTIONS = NO;
				ENABLE_STRICT_OBJC_MSGSEND = YES;
				GCC_C_LANGUAGE_STANDARD = gnu11;
				GCC_NO_COMMON_BLOCKS = YES;
				GCC_WARN_64_TO_32_BIT_CONVERSION = YES;
				GCC_WARN_ABOUT_RETURN_TYPE = YES_ERROR;
				GCC_WARN_UNDECLARED_SELECTOR = YES;
				GCC_WARN_UNINITIALIZED_AUTOS = YES_AGGRESSIVE;
				GCC_WARN_UNUSED_FUNCTION = YES;
				GCC_WARN_UNUSED_VARIABLE = YES;
				IPHONEOS_DEPLOYMENT_TARGET = 13.0;
				MTL_ENABLE_DEBUG_INFO = NO;
				MTL_FAST_MATH = YES;
				SDKROOT = iphoneos;
				SWIFT_COMPILATION_MODE = wholemodule;
				SWIFT_OPTIMIZATION_LEVEL = "-O";
				VALIDATE_PRODUCT = YES;
			};
			name = Release;
		};
		8851378123620CB500FF94ED /* Debug */ = {
			isa = XCBuildConfiguration;
			baseConfigurationReference = 421D6B44A77C9FEAFBADFA5E /* Pods-NepaliAnthems.debug.xcconfig */;
			buildSettings = {
				ASSETCATALOG_COMPILER_APPICON_NAME = AppIcon;
				CODE_SIGN_STYLE = Automatic;
				DEVELOPMENT_TEAM = 339L532WF7;
				INFOPLIST_FILE = NepaliAnthems/Info.plist;
				IPHONEOS_DEPLOYMENT_TARGET = 18.0;
				LD_RUNPATH_SEARCH_PATHS = (
					"$(inherited)",
					"@executable_path/Frameworks",
				);
				PRODUCT_BUNDLE_IDENTIFIER = IMCS.NepaliAnthems123;
				PRODUCT_NAME = "$(TARGET_NAME)";
				SWIFT_VERSION = 5.0;
				TARGETED_DEVICE_FAMILY = "1,2";
			};
			name = Debug;
		};
		8851378223620CB500FF94ED /* Release */ = {
			isa = XCBuildConfiguration;
			baseConfigurationReference = 035D5BC380AE6BBAA307F1B0 /* Pods-NepaliAnthems.release.xcconfig */;
			buildSettings = {
				ASSETCATALOG_COMPILER_APPICON_NAME = AppIcon;
				CODE_SIGN_STYLE = Automatic;
				DEVELOPMENT_TEAM = 339L532WF7;
				INFOPLIST_FILE = NepaliAnthems/Info.plist;
				IPHONEOS_DEPLOYMENT_TARGET = 18.0;
				LD_RUNPATH_SEARCH_PATHS = (
					"$(inherited)",
					"@executable_path/Frameworks",
				);
				PRODUCT_BUNDLE_IDENTIFIER = IMCS.NepaliAnthems123;
				PRODUCT_NAME = "$(TARGET_NAME)";
				SWIFT_VERSION = 5.0;
				TARGETED_DEVICE_FAMILY = "1,2";
			};
			name = Release;
		};
/* End XCBuildConfiguration section */

/* Begin XCConfigurationList section */
		8851376423620CAD00FF94ED /* Build configuration list for PBXProject "NepaliAnthems" */ = {
			isa = XCConfigurationList;
			buildConfigurations = (
				8851377E23620CB500FF94ED /* Debug */,
				8851377F23620CB500FF94ED /* Release */,
			);
			defaultConfigurationIsVisible = 0;
			defaultConfigurationName = Release;
		};
		8851378023620CB500FF94ED /* Build configuration list for PBXNativeTarget "NepaliAnthems" */ = {
			isa = XCConfigurationList;
			buildConfigurations = (
				8851378123620CB500FF94ED /* Debug */,
				8851378223620CB500FF94ED /* Release */,
			);
			defaultConfigurationIsVisible = 0;
			defaultConfigurationName = Release;
		};
/* End XCConfigurationList section */

/* Begin XCVersionGroup section */
		8851377523620CAD00FF94ED /* NepaliAnthems.xcdatamodeld */ = {
			isa = XCVersionGroup;
			children = (
				8851377623620CAD00FF94ED /* NepaliAnthems.xcdatamodel */,
			);
			currentVersion = 8851377623620CAD00FF94ED /* NepaliAnthems.xcdatamodel */;
			path = NepaliAnthems.xcdatamodeld;
			sourceTree = "<group>";
			versionGroupType = wrapper.xcdatamodel;
		};
/* End XCVersionGroup section */
	};
	rootObject = 8851376123620CAD00FF94ED /* Project object */;
}
